
Microsoft Visual Studio Solution File, Format Version 12.00
# Visual Studio Version 17
VisualStudioVersion = 17.5.33502.453
MinimumVisualStudioVersion = 10.0.40219.1
Project("{FAE04EC0-301F-11D3-BF4B-00C04F79EFBC}") = "CircleMath_ConsoleApp", "CircleMath_ConsoleApp\CircleMath_ConsoleApp.csproj", "{AA0AC0E7-169D-44A2-BDAE-CE7855C88EAB}"
EndProject
Global
	GlobalSection(SolutionConfigurationPlatforms) = preSolution
		Debug|Any CPU = Debug|Any CPU
		Release|Any CPU = Release|Any CPU
	EndGlobalSection
	GlobalSection(ProjectConfigurationPlatforms) = postSolution
		{AA0AC0E7-169D-44A2-BDAE-CE7855C88EAB}.Debug|Any CPU.ActiveCfg = Debug|Any CPU
		{AA0AC0E7-169D-44A2-BDAE-CE7855C88EAB}.Debug|Any CPU.Build.0 = Debug|Any CPU
		{AA0AC0E7-169D-44A2-BDAE-CE7855C88EAB}.Release|Any CPU.ActiveCfg = Release|Any CPU
		{AA0AC0E7-169D-44A2-BDAE-CE7855C88EAB}.Release|Any CPU.Build.0 = Release|Any CPU
	EndGlobalSection
	GlobalSection(SolutionProperties) = preSolution
		HideSolutionNode = FALSE
	EndGlobalSection
	GlobalSection(ExtensibilityGlobals) = postSolution
		SolutionGuid = {6D9E11CD-FA85-486E-BCD1-1DFADCED63F7}
	EndGlobalSection
EndGlobal
